
Microsoft Visual Studio Solution File, Format Version 12.00
# Visual Studio Version 16
VisualStudioVersion = 16.0.31402.337
MinimumVisualStudioVersion = 10.0.40219.1
Project("{FAE04EC0-301F-11D3-BF4B-00C04F79EFBC}") = "WebFormsProjekt", "WebFormsProjekt\WebFormsProjekt.csproj", "{F8742924-1CEA-4F45-A460-3E1AE5D541E9}"
EndProject
Project("{FAE04EC0-301F-11D3-BF4B-00C04F79EFBC}") = "MVCProject", "MVCProject\MVCProject.csproj", "{714B7875-4DAD-4322-ACB2-4F1ECE899B85}"
EndProject
Global
	GlobalSection(SolutionConfigurationPlatforms) = preSolution
		Debug|Any CPU = Debug|Any CPU
		Release|Any CPU = Release|Any CPU
	EndGlobalSection
	GlobalSection(ProjectConfigurationPlatforms) = postSolution
		{F8742924-1CEA-4F45-A460-3E1AE5D541E9}.Debug|Any CPU.ActiveCfg = Debug|Any CPU
		{F8742924-1CEA-4F45-A460-3E1AE5D541E9}.Debug|Any CPU.Build.0 = Debug|Any CPU
		{F8742924-1CEA-4F45-A460-3E1AE5D541E9}.Release|Any CPU.ActiveCfg = Release|Any CPU
		{F8742924-1CEA-4F45-A460-3E1AE5D541E9}.Release|Any CPU.Build.0 = Release|Any CPU
		{714B7875-4DAD-4322-ACB2-4F1ECE899B85}.Debug|Any CPU.ActiveCfg = Debug|Any CPU
		{714B7875-4DAD-4322-ACB2-4F1ECE899B85}.Debug|Any CPU.Build.0 = Debug|Any CPU
		{714B7875-4DAD-4322-ACB2-4F1ECE899B85}.Release|Any CPU.ActiveCfg = Release|Any CPU
		{714B7875-4DAD-4322-ACB2-4F1ECE899B85}.Release|Any CPU.Build.0 = Release|Any CPU
	EndGlobalSection
	GlobalSection(SolutionProperties) = preSolution
		HideSolutionNode = FALSE
	EndGlobalSection
	GlobalSection(ExtensibilityGlobals) = postSolution
		SolutionGuid = {6F050ABA-FF70-4E45-84B9-FE9DBE77041F}
	EndGlobalSection
EndGlobal
